
Microsoft Visual Studio Solution File, Format Version 12.00
# Visual Studio Version 17
VisualStudioVersion = 17.6.33829.357
MinimumVisualStudioVersion = 10.0.40219.1
Project("{9A19103F-16F7-4668-BE54-9A1E7A4F7556}") = "AppInstaller", "AppInstaller.csproj", "{FC9A3CC8-01F7-457D-9C5D-B6103A3582DA}"
EndProject
Global
	GlobalSection(SolutionConfigurationPlatforms) = preSolution
		Debug|Any CPU = Debug|Any CPU
		Release|Any CPU = Release|Any CPU
	EndGlobalSection
	GlobalSection(ProjectConfigurationPlatforms) = postSolution
		{FC9A3CC8-01F7-457D-9C5D-B6103A3582DA}.Debug|Any CPU.ActiveCfg = Debug|Any CPU
		{FC9A3CC8-01F7-457D-9C5D-B6103A3582DA}.Debug|Any CPU.Build.0 = Debug|Any CPU
		{FC9A3CC8-01F7-457D-9C5D-B6103A3582DA}.Release|Any CPU.ActiveCfg = Release|Any CPU
		{FC9A3CC8-01F7-457D-9C5D-B6103A3582DA}.Release|Any CPU.Build.0 = Release|Any CPU
	EndGlobalSection
	GlobalSection(SolutionProperties) = preSolution
		HideSolutionNode = FALSE
	EndGlobalSection
	GlobalSection(ExtensibilityGlobals) = postSolution
		SolutionGuid = {4ABC0DAF-14E6-4868-BD44-7458820F26AC}
	EndGlobalSection
EndGlobal
